
Microsoft Visual Studio Solution File, Format Version 12.00
# Visual Studio 2013
VisualStudioVersion = 12.0.40629.0
MinimumVisualStudioVersion = 10.0.40219.1
Project("{FAE04EC0-301F-11D3-BF4B-00C04F79EFBC}") = "EntitiesTier", "EntitiesTier\EntitiesTier.csproj", "{8904EE55-5C00-4B18-82A9-BAA0533EB59F}"
EndProject
Project("{FAE04EC0-301F-11D3-BF4B-00C04F79EFBC}") = "BusinessTier", "BusinessTier\BusinessTier.csproj", "{1F5AD645-BC39-4952-A5A4-9986FD520451}"
EndProject
Project("{FAE04EC0-301F-11D3-BF4B-00C04F79EFBC}") = "DataTier", "DataTier\DataTier.csproj", "{4BA0503F-E6B9-446C-850D-E973A61F0758}"
EndProject
Project("{FAE04EC0-301F-11D3-BF4B-00C04F79EFBC}") = "PresentationTier", "PresentationTier\PresentationTier.csproj", "{3739F1C6-6849-4A7B-85CF-09E24B73BAFC}"
EndProject
Global
	GlobalSection(SolutionConfigurationPlatforms) = preSolution
		Debug|Any CPU = Debug|Any CPU
		Release|Any CPU = Release|Any CPU
	EndGlobalSection
	GlobalSection(ProjectConfigurationPlatforms) = postSolution
		{8904EE55-5C00-4B18-82A9-BAA0533EB59F}.Debug|Any CPU.ActiveCfg = Debug|Any CPU
		{8904EE55-5C00-4B18-82A9-BAA0533EB59F}.Debug|Any CPU.Build.0 = Debug|Any CPU
		{8904EE55-5C00-4B18-82A9-BAA0533EB59F}.Release|Any CPU.ActiveCfg = Release|Any CPU
		{8904EE55-5C00-4B18-82A9-BAA0533EB59F}.Release|Any CPU.Build.0 = Release|Any CPU
		{1F5AD645-BC39-4952-A5A4-9986FD520451}.Debug|Any CPU.ActiveCfg = Debug|Any CPU
		{1F5AD645-BC39-4952-A5A4-9986FD520451}.Debug|Any CPU.Build.0 = Debug|Any CPU
		{1F5AD645-BC39-4952-A5A4-9986FD520451}.Release|Any CPU.ActiveCfg = Release|Any CPU
		{1F5AD645-BC39-4952-A5A4-9986FD520451}.Release|Any CPU.Build.0 = Release|Any CPU
		{4BA0503F-E6B9-446C-850D-E973A61F0758}.Debug|Any CPU.ActiveCfg = Debug|Any CPU
		{4BA0503F-E6B9-446C-850D-E973A61F0758}.Debug|Any CPU.Build.0 = Debug|Any CPU
		{4BA0503F-E6B9-446C-850D-E973A61F0758}.Release|Any CPU.ActiveCfg = Release|Any CPU
		{4BA0503F-E6B9-446C-850D-E973A61F0758}.Release|Any CPU.Build.0 = Release|Any CPU
		{3739F1C6-6849-4A7B-85CF-09E24B73BAFC}.Debug|Any CPU.ActiveCfg = Debug|Any CPU
		{3739F1C6-6849-4A7B-85CF-09E24B73BAFC}.Debug|Any CPU.Build.0 = Debug|Any CPU
		{3739F1C6-6849-4A7B-85CF-09E24B73BAFC}.Release|Any CPU.ActiveCfg = Release|Any CPU
		{3739F1C6-6849-4A7B-85CF-09E24B73BAFC}.Release|Any CPU.Build.0 = Release|Any CPU
	EndGlobalSection
	GlobalSection(SolutionProperties) = preSolution
		HideSolutionNode = FALSE
	EndGlobalSection
EndGlobal
